
Microsoft Visual Studio Solution File, Format Version 12.00
# Visual Studio Version 17
VisualStudioVersion = 17.0.31903.59
MinimumVisualStudioVersion = 10.0.40219.1
Project("{2150E333-8FDC-42A3-9474-1A3956D46DE8}") = "src", "src", "{827E0CD3-B72D-47B6-A68D-7590B98EB39B}"
EndProject
Project("{FAE04EC0-301F-11D3-BF4B-00C04F79EFBC}") = "FinApp.Domain", "src\FinApp.Domain\FinApp.Domain.csproj", "{A6802E4C-883E-4258-AA5B-2F5B8F5F66AC}"
EndProject
Project("{FAE04EC0-301F-11D3-BF4B-00C04F79EFBC}") = "FinApp.Domain.Tests", "tests\FinApp.Domain.Tests\FinApp.Domain.Tests.csproj", "{6862FE02-4A9C-4FE0-96D1-FA1AAD06D662}"
EndProject
Project("{FAE04EC0-301F-11D3-BF4B-00C04F79EFBC}") = "FinApp.Shared.UI", "src\FinApp.Shared.UI\FinApp.Shared.UI.csproj", "{905DD955-39F2-4F94-9152-EB7097864982}"
EndProject
Project("{FAE04EC0-301F-11D3-BF4B-00C04F79EFBC}") = "FinApp.Persistence", "src\FinApp.Persistence\FinApp.Persistence.csproj", "{5DC953C3-BFAE-4FB0-ABCE-2D48F47F99ED}"
EndProject
Project("{2150E333-8FDC-42A3-9474-1A3956D46DE8}") = "tests", "tests", "{0AB3BF05-4346-4AA6-1389-037BE0695223}"
EndProject
Project("{FAE04EC0-301F-11D3-BF4B-00C04F79EFBC}") = "FinApp.Persistence.Tests", "tests\FinApp.Persistence.Tests\FinApp.Persistence.Tests.csproj", "{82BE6670-E874-4048-B468-A4C5F9630193}"
EndProject
Project("{FAE04EC0-301F-11D3-BF4B-00C04F79EFBC}") = "FinApp.Contracts", "src\FinApp.Contracts\FinApp.Contracts.csproj", "{58C498C8-5312-4DF6-B4ED-E9A09C634B9C}"
EndProject
Project("{FAE04EC0-301F-11D3-BF4B-00C04F79EFBC}") = "FinApp.Server", "src\FinApp.Server\FinApp.Server.csproj", "{D2BB48C4-8279-46E3-A43B-59C5B7B4F936}"
EndProject
Project("{FAE04EC0-301F-11D3-BF4B-00C04F79EFBC}") = "FinApp.Server.Tests", "tests\FinApp.Server.Tests\FinApp.Server.Tests.csproj", "{EE1D8B6A-4650-4B2B-823A-A8AF5D1037BB}"
EndProject
Project("{FAE04EC0-301F-11D3-BF4B-00C04F79EFBC}") = "FinApp.App.Web", "src\FinApp.App.Web\FinApp.App.Web.csproj", "{5398C3BA-E193-4E7D-AF18-A08C572BB42E}"
EndProject
Project("{FAE04EC0-301F-11D3-BF4B-00C04F79EFBC}") = "FinApp.Forecasting", "src\FinApp.Forecasting\FinApp.Forecasting.csproj", "{7437F71F-22DE-4495-8E49-D8C8C7B74052}"
EndProject
Project("{FAE04EC0-301F-11D3-BF4B-00C04F79EFBC}") = "FinApp.Kernel", "src\FinApp.Kernel\FinApp.Kernel.csproj", "{A3DCFD83-087C-4260-92F0-61141C379294}"
EndProject
Global
	GlobalSection(SolutionConfigurationPlatforms) = preSolution
		Debug|Any CPU = Debug|Any CPU
		Debug|x64 = Debug|x64
		Debug|x86 = Debug|x86
		Release|Any CPU = Release|Any CPU
		Release|x64 = Release|x64
		Release|x86 = Release|x86
	EndGlobalSection
	GlobalSection(ProjectConfigurationPlatforms) = postSolution
		{A6802E4C-883E-4258-AA5B-2F5B8F5F66AC}.Debug|Any CPU.ActiveCfg = Debug|Any CPU
		{A6802E4C-883E-4258-AA5B-2F5B8F5F66AC}.Debug|Any CPU.Build.0 = Debug|Any CPU
		{A6802E4C-883E-4258-AA5B-2F5B8F5F66AC}.Debug|x64.ActiveCfg = Debug|Any CPU
		{A6802E4C-883E-4258-AA5B-2F5B8F5F66AC}.Debug|x64.Build.0 = Debug|Any CPU
		{A6802E4C-883E-4258-AA5B-2F5B8F5F66AC}.Debug|x86.ActiveCfg = Debug|Any CPU
		{A6802E4C-883E-4258-AA5B-2F5B8F5F66AC}.Debug|x86.Build.0 = Debug|Any CPU
		{A6802E4C-883E-4258-AA5B-2F5B8F5F66AC}.Release|Any CPU.ActiveCfg = Release|Any CPU
		{A6802E4C-883E-4258-AA5B-2F5B8F5F66AC}.Release|Any CPU.Build.0 = Release|Any CPU
		{A6802E4C-883E-4258-AA5B-2F5B8F5F66AC}.Release|x64.ActiveCfg = Release|Any CPU
		{A6802E4C-883E-4258-AA5B-2F5B8F5F66AC}.Release|x64.Build.0 = Release|Any CPU
		{A6802E4C-883E-4258-AA5B-2F5B8F5F66AC}.Release|x86.ActiveCfg = Release|Any CPU
		{A6802E4C-883E-4258-AA5B-2F5B8F5F66AC}.Release|x86.Build.0 = Release|Any CPU
		{6862FE02-4A9C-4FE0-96D1-FA1AAD06D662}.Debug|Any CPU.ActiveCfg = Debug|Any CPU
		{6862FE02-4A9C-4FE0-96D1-FA1AAD06D662}.Debug|Any CPU.Build.0 = Debug|Any CPU
		{6862FE02-4A9C-4FE0-96D1-FA1AAD06D662}.Debug|x64.ActiveCfg = Debug|Any CPU
		{6862FE02-4A9C-4FE0-96D1-FA1AAD06D662}.Debug|x64.Build.0 = Debug|Any CPU
		{6862FE02-4A9C-4FE0-96D1-FA1AAD06D662}.Debug|x86.ActiveCfg = Debug|Any CPU
		{6862FE02-4A9C-4FE0-96D1-FA1AAD06D662}.Debug|x86.Build.0 = Debug|Any CPU
		{6862FE02-4A9C-4FE0-96D1-FA1AAD06D662}.Release|Any CPU.ActiveCfg = Release|Any CPU
		{6862FE02-4A9C-4FE0-96D1-FA1AAD06D662}.Release|Any CPU.Build.0 = Release|Any CPU
		{6862FE02-4A9C-4FE0-96D1-FA1AAD06D662}.Release|x64.ActiveCfg = Release|Any CPU
		{6862FE02-4A9C-4FE0-96D1-FA1AAD06D662}.Release|x64.Build.0 = Release|Any CPU
		{6862FE02-4A9C-4FE0-96D1-FA1AAD06D662}.Release|x86.ActiveCfg = Release|Any CPU
		{6862FE02-4A9C-4FE0-96D1-FA1AAD06D662}.Release|x86.Build.0 = Release|Any CPU
		{905DD955-39F2-4F94-9152-EB7097864982}.Debug|Any CPU.ActiveCfg = Debug|Any CPU
		{905DD955-39F2-4F94-9152-EB7097864982}.Debug|Any CPU.Build.0 = Debug|Any CPU
		{905DD955-39F2-4F94-9152-EB7097864982}.Debug|x64.ActiveCfg = Debug|Any CPU
		{905DD955-39F2-4F94-9152-EB7097864982}.Debug|x64.Build.0 = Debug|Any CPU
		{905DD955-39F2-4F94-9152-EB7097864982}.Debug|x86.ActiveCfg = Debug|Any CPU
		{905DD955-39F2-4F94-9152-EB7097864982}.Debug|x86.Build.0 = Debug|Any CPU
		{905DD955-39F2-4F94-9152-EB7097864982}.Release|Any CPU.ActiveCfg = Release|Any CPU
		{905DD955-39F2-4F94-9152-EB7097864982}.Release|Any CPU.Build.0 = Release|Any CPU
		{905DD955-39F2-4F94-9152-EB7097864982}.Release|x64.ActiveCfg = Release|Any CPU
		{905DD955-39F2-4F94-9152-EB7097864982}.Release|x64.Build.0 = Release|Any CPU
		{905DD955-39F2-4F94-9152-EB7097864982}.Release|x86.ActiveCfg = Release|Any CPU
		{905DD955-39F2-4F94-9152-EB7097864982}.Release|x86.Build.0 = Release|Any CPU
		{5DC953C3-BFAE-4FB0-ABCE-2D48F47F99ED}.Debug|Any CPU.ActiveCfg = Debug|Any CPU
		{5DC953C3-BFAE-4FB0-ABCE-2D48F47F99ED}.Debug|Any CPU.Build.0 = Debug|Any CPU
		{5DC953C3-BFAE-4FB0-ABCE-2D48F47F99ED}.Debug|x64.ActiveCfg = Debug|Any CPU
		{5DC953C3-BFAE-4FB0-ABCE-2D48F47F99ED}.Debug|x64.Build.0 = Debug|Any CPU
		{5DC953C3-BFAE-4FB0-ABCE-2D48F47F99ED}.Debug|x86.ActiveCfg = Debug|Any CPU
		{5DC953C3-BFAE-4FB0-ABCE-2D48F47F99ED}.Debug|x86.Build.0 = Debug|Any CPU
		{5DC953C3-BFAE-4FB0-ABCE-2D48F47F99ED}.Release|Any CPU.ActiveCfg = Release|Any CPU
		{5DC953C3-BFAE-4FB0-ABCE-2D48F47F99ED}.Release|Any CPU.Build.0 = Release|Any CPU
		{5DC953C3-BFAE-4FB0-ABCE-2D48F47F99ED}.Release|x64.ActiveCfg = Release|Any CPU
		{5DC953C3-BFAE-4FB0-ABCE-2D48F47F99ED}.Release|x64.Build.0 = Release|Any CPU
		{5DC953C3-BFAE-4FB0-ABCE-2D48F47F99ED}.Release|x86.ActiveCfg = Release|Any CPU
		{5DC953C3-BFAE-4FB0-ABCE-2D48F47F99ED}.Release|x86.Build.0 = Release|Any CPU
		{82BE6670-E874-4048-B468-A4C5F9630193}.Debug|Any CPU.ActiveCfg = Debug|Any CPU
		{82BE6670-E874-4048-B468-A4C5F9630193}.Debug|Any CPU.Build.0 = Debug|Any CPU
		{82BE6670-E874-4048-B468-A4C5F9630193}.Debug|x64.ActiveCfg = Debug|Any CPU
		{82BE6670-E874-4048-B468-A4C5F9630193}.Debug|x64.Build.0 = Debug|Any CPU
		{82BE6670-E874-4048-B468-A4C5F9630193}.Debug|x86.ActiveCfg = Debug|Any CPU
		{82BE6670-E874-4048-B468-A4C5F9630193}.Debug|x86.Build.0 = Debug|Any CPU
		{82BE6670-E874-4048-B468-A4C5F9630193}.Release|Any CPU.ActiveCfg = Release|Any CPU
		{82BE6670-E874-4048-B468-A4C5F9630193}.Release|Any CPU.Build.0 = Release|Any CPU
		{82BE6670-E874-4048-B468-A4C5F9630193}.Release|x64.ActiveCfg = Release|Any CPU
		{82BE6670-E874-4048-B468-A4C5F9630193}.Release|x64.Build.0 = Release|Any CPU
		{82BE6670-E874-4048-B468-A4C5F9630193}.Release|x86.ActiveCfg = Release|Any CPU
		{82BE6670-E874-4048-B468-A4C5F9630193}.Release|x86.Build.0 = Release|Any CPU
		{58C498C8-5312-4DF6-B4ED-E9A09C634B9C}.Debug|Any CPU.ActiveCfg = Debug|Any CPU
		{58C498C8-5312-4DF6-B4ED-E9A09C634B9C}.Debug|Any CPU.Build.0 = Debug|Any CPU
		{58C498C8-5312-4DF6-B4ED-E9A09C634B9C}.Debug|x64.ActiveCfg = Debug|Any CPU
		{58C498C8-5312-4DF6-B4ED-E9A09C634B9C}.Debug|x64.Build.0 = Debug|Any CPU
		{58C498C8-5312-4DF6-B4ED-E9A09C634B9C}.Debug|x86.ActiveCfg = Debug|Any CPU
		{58C498C8-5312-4DF6-B4ED-E9A09C634B9C}.Debug|x86.Build.0 = Debug|Any CPU
		{58C498C8-5312-4DF6-B4ED-E9A09C634B9C}.Release|Any CPU.ActiveCfg = Release|Any CPU
		{58C498C8-5312-4DF6-B4ED-E9A09C634B9C}.Release|Any CPU.Build.0 = Release|Any CPU
		{58C498C8-5312-4DF6-B4ED-E9A09C634B9C}.Release|x64.ActiveCfg = Release|Any CPU
		{58C498C8-5312-4DF6-B4ED-E9A09C634B9C}.Release|x64.Build.0 = Release|Any CPU
		{58C498C8-5312-4DF6-B4ED-E9A09C634B9C}.Release|x86.ActiveCfg = Release|Any CPU
		{58C498C8-5312-4DF6-B4ED-E9A09C634B9C}.Release|x86.Build.0 = Release|Any CPU
		{D2BB48C4-8279-46E3-A43B-59C5B7B4F936}.Debug|Any CPU.ActiveCfg = Debug|Any CPU
		{D2BB48C4-8279-46E3-A43B-59C5B7B4F936}.Debug|Any CPU.Build.0 = Debug|Any CPU
		{D2BB48C4-8279-46E3-A43B-59C5B7B4F936}.Debug|x64.ActiveCfg = Debug|Any CPU
		{D2BB48C4-8279-46E3-A43B-59C5B7B4F936}.Debug|x64.Build.0 = Debug|Any CPU
		{D2BB48C4-8279-46E3-A43B-59C5B7B4F936}.Debug|x86.ActiveCfg = Debug|Any CPU
		{D2BB48C4-8279-46E3-A43B-59C5B7B4F936}.Debug|x86.Build.0 = Debug|Any CPU
		{D2BB48C4-8279-46E3-A43B-59C5B7B4F936}.Release|Any CPU.ActiveCfg = Release|Any CPU
		{D2BB48C4-8279-46E3-A43B-59C5B7B4F936}.Release|Any CPU.Build.0 = Release|Any CPU
		{D2BB48C4-8279-46E3-A43B-59C5B7B4F936}.Release|x64.ActiveCfg = Release|Any CPU
		{D2BB48C4-8279-46E3-A43B-59C5B7B4F936}.Release|x64.Build.0 = Release|Any CPU
		{D2BB48C4-8279-46E3-A43B-59C5B7B4F936}.Release|x86.ActiveCfg = Release|Any CPU
		{D2BB48C4-8279-46E3-A43B-59C5B7B4F936}.Release|x86.Build.0 = Release|Any CPU
		{EE1D8B6A-4650-4B2B-823A-A8AF5D1037BB}.Debug|Any CPU.ActiveCfg = Debug|Any CPU
		{EE1D8B6A-4650-4B2B-823A-A8AF5D1037BB}.Debug|Any CPU.Build.0 = Debug|Any CPU
		{EE1D8B6A-4650-4B2B-823A-A8AF5D1037BB}.Debug|x64.ActiveCfg = Debug|Any CPU
		{EE1D8B6A-4650-4B2B-823A-A8AF5D1037BB}.Debug|x64.Build.0 = Debug|Any CPU
		{EE1D8B6A-4650-4B2B-823A-A8AF5D1037BB}.Debug|x86.ActiveCfg = Debug|Any CPU
		{EE1D8B6A-4650-4B2B-823A-A8AF5D1037BB}.Debug|x86.Build.0 = Debug|Any CPU
		{EE1D8B6A-4650-4B2B-823A-A8AF5D1037BB}.Release|Any CPU.ActiveCfg = Release|Any CPU
		{EE1D8B6A-4650-4B2B-823A-A8AF5D1037BB}.Release|Any CPU.Build.0 = Release|Any CPU
		{EE1D8B6A-4650-4B2B-823A-A8AF5D1037BB}.Release|x64.ActiveCfg = Release|Any CPU
		{EE1D8B6A-4650-4B2B-823A-A8AF5D1037BB}.Release|x64.Build.0 = Release|Any CPU
		{EE1D8B6A-4650-4B2B-823A-A8AF5D1037BB}.Release|x86.ActiveCfg = Release|Any CPU
		{EE1D8B6A-4650-4B2B-823A-A8AF5D1037BB}.Release|x86.Build.0 = Release|Any CPU
		{5398C3BA-E193-4E7D-AF18-A08C572BB42E}.Debug|Any CPU.ActiveCfg = Debug|Any CPU
		{5398C3BA-E193-4E7D-AF18-A08C572BB42E}.Debug|Any CPU.Build.0 = Debug|Any CPU
		{5398C3BA-E193-4E7D-AF18-A08C572BB42E}.Debug|x64.ActiveCfg = Debug|Any CPU
		{5398C3BA-E193-4E7D-AF18-A08C572BB42E}.Debug|x64.Build.0 = Debug|Any CPU
		{5398C3BA-E193-4E7D-AF18-A08C572BB42E}.Debug|x86.ActiveCfg = Debug|Any CPU
		{5398C3BA-E193-4E7D-AF18-A08C572BB42E}.Debug|x86.Build.0 = Debug|Any CPU
		{5398C3BA-E193-4E7D-AF18-A08C572BB42E}.Release|Any CPU.ActiveCfg = Release|Any CPU
		{5398C3BA-E193-4E7D-AF18-A08C572BB42E}.Release|Any CPU.Build.0 = Release|Any CPU
		{5398C3BA-E193-4E7D-AF18-A08C572BB42E}.Release|x64.ActiveCfg = Release|Any CPU
		{5398C3BA-E193-4E7D-AF18-A08C572BB42E}.Release|x64.Build.0 = Release|Any CPU
		{5398C3BA-E193-4E7D-AF18-A08C572BB42E}.Release|x86.ActiveCfg = Release|Any CPU
		{5398C3BA-E193-4E7D-AF18-A08C572BB42E}.Release|x86.Build.0 = Release|Any CPU
		{7437F71F-22DE-4495-8E49-D8C8C7B74052}.Debug|Any CPU.ActiveCfg = Debug|Any CPU
		{7437F71F-22DE-4495-8E49-D8C8C7B74052}.Debug|Any CPU.Build.0 = Debug|Any CPU
		{7437F71F-22DE-4495-8E49-D8C8C7B74052}.Debug|x64.ActiveCfg = Debug|Any CPU
		{7437F71F-22DE-4495-8E49-D8C8C7B74052}.Debug|x64.Build.0 = Debug|Any CPU
		{7437F71F-22DE-4495-8E49-D8C8C7B74052}.Debug|x86.ActiveCfg = Debug|Any CPU
		{7437F71F-22DE-4495-8E49-D8C8C7B74052}.Debug|x86.Build.0 = Debug|Any CPU
		{7437F71F-22DE-4495-8E49-D8C8C7B74052}.Release|Any CPU.ActiveCfg = Release|Any CPU
		{7437F71F-22DE-4495-8E49-D8C8C7B74052}.Release|Any CPU.Build.0 = Release|Any CPU
		{7437F71F-22DE-4495-8E49-D8C8C7B74052}.Release|x64.ActiveCfg = Release|Any CPU
		{7437F71F-22DE-4495-8E49-D8C8C7B74052}.Release|x64.Build.0 = Release|Any CPU
		{7437F71F-22DE-4495-8E49-D8C8C7B74052}.Release|x86.ActiveCfg = Release|Any CPU
		{7437F71F-22DE-4495-8E49-D8C8C7B74052}.Release|x86.Build.0 = Release|Any CPU
		{A3DCFD83-087C-4260-92F0-61141C379294}.Debug|Any CPU.ActiveCfg = Debug|Any CPU
		{A3DCFD83-087C-4260-92F0-61141C379294}.Debug|Any CPU.Build.0 = Debug|Any CPU
		{A3DCFD83-087C-4260-92F0-61141C379294}.Debug|x64.ActiveCfg = Debug|Any CPU
		{A3DCFD83-087C-4260-92F0-61141C379294}.Debug|x64.Build.0 = Debug|Any CPU
		{A3DCFD83-087C-4260-92F0-61141C379294}.Debug|x86.ActiveCfg = Debug|Any CPU
		{A3DCFD83-087C-4260-92F0-61141C379294}.Debug|x86.Build.0 = Debug|Any CPU
		{A3DCFD83-087C-4260-92F0-61141C379294}.Release|Any CPU.ActiveCfg = Release|Any CPU
		{A3DCFD83-087C-4260-92F0-61141C379294}.Release|Any CPU.Build.0 = Release|Any CPU
		{A3DCFD83-087C-4260-92F0-61141C379294}.Release|x64.ActiveCfg = Release|Any CPU
		{A3DCFD83-087C-4260-92F0-61141C379294}.Release|x64.Build.0 = Release|Any CPU
		{A3DCFD83-087C-4260-92F0-61141C379294}.Release|x86.ActiveCfg = Release|Any CPU
		{A3DCFD83-087C-4260-92F0-61141C379294}.Release|x86.Build.0 = Release|Any CPU
	EndGlobalSection
	GlobalSection(SolutionProperties) = preSolution
		HideSolutionNode = FALSE
	EndGlobalSection
	GlobalSection(NestedProjects) = preSolution
		{A6802E4C-883E-4258-AA5B-2F5B8F5F66AC} = {827E0CD3-B72D-47B6-A68D-7590B98EB39B}
		{6862FE02-4A9C-4FE0-96D1-FA1AAD06D662} = {827E0CD3-B72D-47B6-A68D-7590B98EB39B}
		{905DD955-39F2-4F94-9152-EB7097864982} = {827E0CD3-B72D-47B6-A68D-7590B98EB39B}
		{5DC953C3-BFAE-4FB0-ABCE-2D48F47F99ED} = {827E0CD3-B72D-47B6-A68D-7590B98EB39B}
		{82BE6670-E874-4048-B468-A4C5F9630193} = {0AB3BF05-4346-4AA6-1389-037BE0695223}
		{58C498C8-5312-4DF6-B4ED-E9A09C634B9C} = {827E0CD3-B72D-47B6-A68D-7590B98EB39B}
		{D2BB48C4-8279-46E3-A43B-59C5B7B4F936} = {827E0CD3-B72D-47B6-A68D-7590B98EB39B}
		{EE1D8B6A-4650-4B2B-823A-A8AF5D1037BB} = {0AB3BF05-4346-4AA6-1389-037BE0695223}
		{5398C3BA-E193-4E7D-AF18-A08C572BB42E} = {827E0CD3-B72D-47B6-A68D-7590B98EB39B}
		{7437F71F-22DE-4495-8E49-D8C8C7B74052} = {827E0CD3-B72D-47B6-A68D-7590B98EB39B}
		{A3DCFD83-087C-4260-92F0-61141C379294} = {827E0CD3-B72D-47B6-A68D-7590B98EB39B}
	EndGlobalSection
EndGlobal
